{
    "name": "override-ps",
    "version": "20.6.1",
    "lockfileVersion": 2,
    "requires": true,
    "packages": {
        "": {
            "name": "override-ps",
            "version": "20.6.1",
            "license": "SEE LICENSE IN LICENSE.md",
            "engines": {
                "node": ">=16"
            }
        }
    }
}
